
Microsoft Visual Studio Solution File, Format Version 12.00
# Visual Studio Version 16
VisualStudioVersion = 16.0.29306.81
MinimumVisualStudioVersion = 10.0.40219.1
Project("{FAE04EC0-301F-11D3-BF4B-00C04F79EFBC}") = "Mvc", "Mvc\Mvc.csproj", "{2DE6494A-9FF7-4065-BCAE-CB62D00656E8}"
EndProject
Project("{FAE04EC0-301F-11D3-BF4B-00C04F79EFBC}") = "Data", "Data\Data.csproj", "{80F08469-D804-4A56-9357-463B97ED8150}"
EndProject
Project("{FAE04EC0-301F-11D3-BF4B-00C04F79EFBC}") = "Core", "Core\Core.csproj", "{A90E7C22-F076-47AA-8406-F5DB2E5107BF}"
EndProject
Project("{FAE04EC0-301F-11D3-BF4B-00C04F79EFBC}") = "Service", "Service\Service.csproj", "{149B3631-0172-4A2D-BEEB-BA820ED578F0}"
EndProject
Project("{FAE04EC0-301F-11D3-BF4B-00C04F79EFBC}") = "Model", "Model\Model.csproj", "{440E9A64-D3D1-407A-851F-3CF405ABB806}"
EndProject
Global
	GlobalSection(SolutionConfigurationPlatforms) = preSolution
		Debug|Any CPU = Debug|Any CPU
		Release|Any CPU = Release|Any CPU
	EndGlobalSection
	GlobalSection(ProjectConfigurationPlatforms) = postSolution
		{2DE6494A-9FF7-4065-BCAE-CB62D00656E8}.Debug|Any CPU.ActiveCfg = Debug|Any CPU
		{2DE6494A-9FF7-4065-BCAE-CB62D00656E8}.Debug|Any CPU.Build.0 = Debug|Any CPU
		{2DE6494A-9FF7-4065-BCAE-CB62D00656E8}.Release|Any CPU.ActiveCfg = Release|Any CPU
		{2DE6494A-9FF7-4065-BCAE-CB62D00656E8}.Release|Any CPU.Build.0 = Release|Any CPU
		{80F08469-D804-4A56-9357-463B97ED8150}.Debug|Any CPU.ActiveCfg = Debug|Any CPU
		{80F08469-D804-4A56-9357-463B97ED8150}.Debug|Any CPU.Build.0 = Debug|Any CPU
		{80F08469-D804-4A56-9357-463B97ED8150}.Release|Any CPU.ActiveCfg = Release|Any CPU
		{80F08469-D804-4A56-9357-463B97ED8150}.Release|Any CPU.Build.0 = Release|Any CPU
		{A90E7C22-F076-47AA-8406-F5DB2E5107BF}.Debug|Any CPU.ActiveCfg = Debug|Any CPU
		{A90E7C22-F076-47AA-8406-F5DB2E5107BF}.Debug|Any CPU.Build.0 = Debug|Any CPU
		{A90E7C22-F076-47AA-8406-F5DB2E5107BF}.Release|Any CPU.ActiveCfg = Release|Any CPU
		{A90E7C22-F076-47AA-8406-F5DB2E5107BF}.Release|Any CPU.Build.0 = Release|Any CPU
		{149B3631-0172-4A2D-BEEB-BA820ED578F0}.Debug|Any CPU.ActiveCfg = Debug|Any CPU
		{149B3631-0172-4A2D-BEEB-BA820ED578F0}.Debug|Any CPU.Build.0 = Debug|Any CPU
		{149B3631-0172-4A2D-BEEB-BA820ED578F0}.Release|Any CPU.ActiveCfg = Release|Any CPU
		{149B3631-0172-4A2D-BEEB-BA820ED578F0}.Release|Any CPU.Build.0 = Release|Any CPU
		{440E9A64-D3D1-407A-851F-3CF405ABB806}.Debug|Any CPU.ActiveCfg = Debug|Any CPU
		{440E9A64-D3D1-407A-851F-3CF405ABB806}.Debug|Any CPU.Build.0 = Debug|Any CPU
		{440E9A64-D3D1-407A-851F-3CF405ABB806}.Release|Any CPU.ActiveCfg = Release|Any CPU
		{440E9A64-D3D1-407A-851F-3CF405ABB806}.Release|Any CPU.Build.0 = Release|Any CPU
	EndGlobalSection
	GlobalSection(SolutionProperties) = preSolution
		HideSolutionNode = FALSE
	EndGlobalSection
	GlobalSection(ExtensibilityGlobals) = postSolution
		SolutionGuid = {FE29FDBA-CD1C-42E0-8C66-2813CDC412D2}
	EndGlobalSection
EndGlobal
